
Microsoft Visual Studio Solution File, Format Version 12.00
Project("{FAE04EC0-301F-11D3-BF4B-00C04F79EFBC}") = "Tranee Web App", "Tranee Web App\Tranee Web App.csproj", "{12EA7A9D-D953-4991-AA95-76144CF3FED6}"
EndProject
Global
	GlobalSection(SolutionConfigurationPlatforms) = preSolution
		Debug|Any CPU = Debug|Any CPU
		Release|Any CPU = Release|Any CPU
	EndGlobalSection
	GlobalSection(ProjectConfigurationPlatforms) = postSolution
		{12EA7A9D-D953-4991-AA95-76144CF3FED6}.Debug|Any CPU.ActiveCfg = Debug|Any CPU
		{12EA7A9D-D953-4991-AA95-76144CF3FED6}.Debug|Any CPU.Build.0 = Debug|Any CPU
		{12EA7A9D-D953-4991-AA95-76144CF3FED6}.Release|Any CPU.ActiveCfg = Release|Any CPU
		{12EA7A9D-D953-4991-AA95-76144CF3FED6}.Release|Any CPU.Build.0 = Release|Any CPU
	EndGlobalSection
EndGlobal
